
Microsoft Visual Studio Solution File, Format Version 12.00
# Visual Studio 15
VisualStudioVersion = 15.0.28010.2026
MinimumVisualStudioVersion = 10.0.40219.1
Project("{FAE04EC0-301F-11D3-BF4B-00C04F79EFBC}") = "MvcSiteMapProviderDemo", "MvcSiteMapProviderDemo\MvcSiteMapProviderDemo.csproj", "{5A447EB6-EDEC-4D5B-B45C-8B5E5858CD7F}"
EndProject
Global
	GlobalSection(SolutionConfigurationPlatforms) = preSolution
		Debug|Any CPU = Debug|Any CPU
		Release|Any CPU = Release|Any CPU
	EndGlobalSection
	GlobalSection(ProjectConfigurationPlatforms) = postSolution
		{5A447EB6-EDEC-4D5B-B45C-8B5E5858CD7F}.Debug|Any CPU.ActiveCfg = Debug|Any CPU
		{5A447EB6-EDEC-4D5B-B45C-8B5E5858CD7F}.Debug|Any CPU.Build.0 = Debug|Any CPU
		{5A447EB6-EDEC-4D5B-B45C-8B5E5858CD7F}.Release|Any CPU.ActiveCfg = Release|Any CPU
		{5A447EB6-EDEC-4D5B-B45C-8B5E5858CD7F}.Release|Any CPU.Build.0 = Release|Any CPU
	EndGlobalSection
	GlobalSection(SolutionProperties) = preSolution
		HideSolutionNode = FALSE
	EndGlobalSection
	GlobalSection(ExtensibilityGlobals) = postSolution
		EnterpriseLibraryConfigurationToolBinariesPath = packages\Unity.2.1.505.0\lib\NET35
		SolutionGuid = {013D1B64-0C38-4FAA-8673-B611BD47B727}
	EndGlobalSection
EndGlobal
